
Microsoft Visual Studio Solution File, Format Version 12.00
# Visual Studio Version 16
VisualStudioVersion = 16.0.29728.190
MinimumVisualStudioVersion = 10.0.40219.1
Project("{FAE04EC0-301F-11D3-BF4B-00C04F79EFBC}") = "modbus_check", "modbus_check\modbus_check.csproj", "{B657D7CC-AB0C-4298-9BED-C113B9B0A858}"
EndProject
Global
	GlobalSection(SolutionConfigurationPlatforms) = preSolution
		Debug|Any CPU = Debug|Any CPU
		Release|Any CPU = Release|Any CPU
	EndGlobalSection
	GlobalSection(ProjectConfigurationPlatforms) = postSolution
		{B657D7CC-AB0C-4298-9BED-C113B9B0A858}.Debug|Any CPU.ActiveCfg = Debug|Any CPU
		{B657D7CC-AB0C-4298-9BED-C113B9B0A858}.Debug|Any CPU.Build.0 = Debug|Any CPU
		{B657D7CC-AB0C-4298-9BED-C113B9B0A858}.Release|Any CPU.ActiveCfg = Release|Any CPU
		{B657D7CC-AB0C-4298-9BED-C113B9B0A858}.Release|Any CPU.Build.0 = Release|Any CPU
	EndGlobalSection
	GlobalSection(SolutionProperties) = preSolution
		HideSolutionNode = FALSE
	EndGlobalSection
	GlobalSection(ExtensibilityGlobals) = postSolution
		SolutionGuid = {7F420067-637A-448A-BA26-FDFB0D382707}
	EndGlobalSection
EndGlobal
